// !$*UTF8*$!
{
	archiveVersion = 1;
	classes = {
	};
	objectVersion = 46;
	objects = {

/* Begin PBXBuildFile section */
		63CF666F1BE18FC50042DC37 /* AppDelegate.swift in Sources */ = {isa = PBXBuildFile; fileRef = 63CF666E1BE18FC50042DC37 /* AppDelegate.swift */; };
		63CF66711BE18FC50042DC37 /* ViewController.swift in Sources */ = {isa = PBXBuildFile; fileRef = 63CF66701BE18FC50042DC37 /* ViewController.swift */; };
		63CF66741BE18FC50042DC37 /* Main.storyboard in Resources */ = {isa = PBXBuildFile; fileRef = 63CF66721BE18FC50042DC37 /* Main.storyboard */; };
		63CF66771BE18FC50042DC37 /* Remember.xcdatamodeld in Sources */ = {isa = PBXBuildFile; fileRef = 63CF66751BE18FC50042DC37 /* Remember.xcdatamodeld */; };
		63CF66791BE18FC50042DC37 /* Assets.xcassets in Resources */ = {isa = PBXBuildFile; fileRef = 63CF66781BE18FC50042DC37 /* Assets.xcassets */; };
		63CF667C1BE18FC50042DC37 /* LaunchScreen.storyboard in Resources */ = {isa = PBXBuildFile; fileRef = 63CF667A1BE18FC50042DC37 /* LaunchScreen.storyboard */; };
		63CF66871BE18FC50042DC37 /* RememberTests.swift in Sources */ = {isa = PBXBuildFile; fileRef = 63CF66861BE18FC50042DC37 /* RememberTests.swift */; };
		63CF66921BE18FC50042DC37 /* RememberUITests.swift in Sources */ = {isa = PBXBuildFile; fileRef = 63CF66911BE18FC50042DC37 /* RememberUITests.swift */; };
		63CF66A81BE192F00042DC37 /* Bolts.framework in Frameworks */ = {isa = PBXBuildFile; fileRef = 63CF66A61BE192F00042DC37 /* Bolts.framework */; };
		63CF66A91BE192F00042DC37 /* Parse.framework in Frameworks */ = {isa = PBXBuildFile; fileRef = 63CF66A71BE192F00042DC37 /* Parse.framework */; };
		63CF66AC1BE193120042DC37 /* AudioToolbox.framework in Frameworks */ = {isa = PBXBuildFile; fileRef = 63CF66AB1BE193120042DC37 /* AudioToolbox.framework */; };
		63CF66AE1BE193170042DC37 /* CFNetwork.framework in Frameworks */ = {isa = PBXBuildFile; fileRef = 63CF66AD1BE193170042DC37 /* CFNetwork.framework */; };
		63CF66B01BE1931C0042DC37 /* CoreGraphics.framework in Frameworks */ = {isa = PBXBuildFile; fileRef = 63CF66AF1BE1931C0042DC37 /* CoreGraphics.framework */; };
		63CF66B21BE193210042DC37 /* CoreLocation.framework in Frameworks */ = {isa = PBXBuildFile; fileRef = 63CF66B11BE193210042DC37 /* CoreLocation.framework */; };
		63CF66B41BE193270042DC37 /* QuartzCore.framework in Frameworks */ = {isa = PBXBuildFile; fileRef = 63CF66B31BE193270042DC37 /* QuartzCore.framework */; };
		63CF66B61BE1932E0042DC37 /* Security.framework in Frameworks */ = {isa = PBXBuildFile; fileRef = 63CF66B51BE1932E0042DC37 /* Security.framework */; };
		63CF66B81BE193340042DC37 /* StoreKit.framework in Frameworks */ = {isa = PBXBuildFile; fileRef = 63CF66B71BE193340042DC37 /* StoreKit.framework */; };
		63CF66BA1BE1933F0042DC37 /* SystemConfiguration.framework in Frameworks */ = {isa = PBXBuildFile; fileRef = 63CF66B91BE1933F0042DC37 /* SystemConfiguration.framework */; };
		63CF66BC1BE193460042DC37 /* libz.tbd in Frameworks */ = {isa = PBXBuildFile; fileRef = 63CF66BB1BE193460042DC37 /* libz.tbd */; };
		63CF66BE1BE1934E0042DC37 /* libsqlite3.tbd in Frameworks */ = {isa = PBXBuildFile; fileRef = 63CF66BD1BE1934E0042DC37 /* libsqlite3.tbd */; };
		63E0093C1BE19F81009A0FA8 /* Podfile in Resources */ = {isa = PBXBuildFile; fileRef = 63E0093B1BE19F81009A0FA8 /* Podfile */; };
		63E009421BE1A17E009A0FA8 /* ParseServerProxy.swift in Sources */ = {isa = PBXBuildFile; fileRef = 63E009411BE1A17E009A0FA8 /* ParseServerProxy.swift */; };
		F9D7A88596C8C0F2168AE0A9 /* Pods_Remember.framework in Frameworks */ = {isa = PBXBuildFile; fileRef = C7DB809D5B80FE8959D81DFC /* Pods_Remember.framework */; };
/* End PBXBuildFile section */

/* Begin PBXContainerItemProxy section */
		63CF66831BE18FC50042DC37 /* PBXContainerItemProxy */ = {
			isa = PBXContainerItemProxy;
			containerPortal = 63CF66631BE18FC50042DC37 /* Project object */;
			proxyType = 1;
			remoteGlobalIDString = 63CF666A1BE18FC50042DC37;
			remoteInfo = Remember;
		};
		63CF668E1BE18FC50042DC37 /* PBXContainerItemProxy */ = {
			isa = PBXContainerItemProxy;
			containerPortal = 63CF66631BE18FC50042DC37 /* Project object */;
			proxyType = 1;
			remoteGlobalIDString = 63CF666A1BE18FC50042DC37;
			remoteInfo = Remember;
		};
/* End PBXContainerItemProxy section */

/* Begin PBXFileReference section */
		2B1A75A0A524D21BDEC50421 /* Pods-Remember.debug.xcconfig */ = {isa = PBXFileReference; includeInIndex = 1; lastKnownFileType = text.xcconfig; name = "Pods-Remember.debug.xcconfig"; path = "Pods/Target Support Files/Pods-Remember/Pods-Remember.debug.xcconfig"; sourceTree = "<group>"; };
		63CF666B1BE18FC50042DC37 /* Remember.app */ = {isa = PBXFileReference; explicitFileType = wrapper.application; includeInIndex = 0; path = Remember.app; sourceTree = BUILT_PRODUCTS_DIR; };
		63CF666E1BE18FC50042DC37 /* AppDelegate.swift */ = {isa = PBXFileReference; lastKnownFileType = sourcecode.swift; path = AppDelegate.swift; sourceTree = "<group>"; };
		63CF66701BE18FC50042DC37 /* ViewController.swift */ = {isa = PBXFileReference; lastKnownFileType = sourcecode.swift; path = ViewController.swift; sourceTree = "<group>"; };
		63CF66731BE18FC50042DC37 /* Base */ = {isa = PBXFileReference; lastKnownFileType = file.storyboard; name = Base; path = Base.lproj/Main.storyboard; sourceTree = "<group>"; };
		63CF66761BE18FC50042DC37 /* Remember.xcdatamodel */ = {isa = PBXFileReference; lastKnownFileType = wrapper.xcdatamodel; path = Remember.xcdatamodel; sourceTree = "<group>"; };
		63CF66781BE18FC50042DC37 /* Assets.xcassets */ = {isa = PBXFileReference; lastKnownFileType = folder.assetcatalog; path = Assets.xcassets; sourceTree = "<group>"; };
		63CF667B1BE18FC50042DC37 /* Base */ = {isa = PBXFileReference; lastKnownFileType = file.storyboard; name = Base; path = Base.lproj/LaunchScreen.storyboard; sourceTree = "<group>"; };
		63CF667D1BE18FC50042DC37 /* Info.plist */ = {isa = PBXFileReference; lastKnownFileType = text.plist.xml; path = Info.plist; sourceTree = "<group>"; };
		63CF66821BE18FC50042DC37 /* RememberTests.xctest */ = {isa = PBXFileReference; explicitFileType = wrapper.cfbundle; includeInIndex = 0; path = RememberTests.xctest; sourceTree = BUILT_PRODUCTS_DIR; };
		63CF66861BE18FC50042DC37 /* RememberTests.swift */ = {isa = PBXFileReference; lastKnownFileType = sourcecode.swift; path = RememberTests.swift; sourceTree = "<group>"; };
		63CF66881BE18FC50042DC37 /* Info.plist */ = {isa = PBXFileReference; lastKnownFileType = text.plist.xml; path = Info.plist; sourceTree = "<group>"; };
		63CF668D1BE18FC50042DC37 /* RememberUITests.xctest */ = {isa = PBXFileReference; explicitFileType = wrapper.cfbundle; includeInIndex = 0; path = RememberUITests.xctest; sourceTree = BUILT_PRODUCTS_DIR; };
		63CF66911BE18FC50042DC37 /* RememberUITests.swift */ = {isa = PBXFileReference; lastKnownFileType = sourcecode.swift; path = RememberUITests.swift; sourceTree = "<group>"; };
		63CF66931BE18FC50042DC37 /* Info.plist */ = {isa = PBXFileReference; lastKnownFileType = text.plist.xml; path = Info.plist; sourceTree = "<group>"; };
		63CF66A61BE192F00042DC37 /* Bolts.framework */ = {isa = PBXFileReference; lastKnownFileType = wrapper.framework; path = Bolts.framework; sourceTree = "<group>"; };
		63CF66A71BE192F00042DC37 /* Parse.framework */ = {isa = PBXFileReference; lastKnownFileType = wrapper.framework; path = Parse.framework; sourceTree = "<group>"; };
		63CF66AB1BE193120042DC37 /* AudioToolbox.framework */ = {isa = PBXFileReference; lastKnownFileType = wrapper.framework; name = AudioToolbox.framework; path = System/Library/Frameworks/AudioToolbox.framework; sourceTree = SDKROOT; };
		63CF66AD1BE193170042DC37 /* CFNetwork.framework */ = {isa = PBXFileReference; lastKnownFileType = wrapper.framework; name = CFNetwork.framework; path = System/Library/Frameworks/CFNetwork.framework; sourceTree = SDKROOT; };
		63CF66AF1BE1931C0042DC37 /* CoreGraphics.framework */ = {isa = PBXFileReference; lastKnownFileType = wrapper.framework; name = CoreGraphics.framework; path = System/Library/Frameworks/CoreGraphics.framework; sourceTree = SDKROOT; };
		63CF66B11BE193210042DC37 /* CoreLocation.framework */ = {isa = PBXFileReference; lastKnownFileType = wrapper.framework; name = CoreLocation.framework; path = System/Library/Frameworks/CoreLocation.framework; sourceTree = SDKROOT; };
		63CF66B31BE193270042DC37 /* QuartzCore.framework */ = {isa = PBXFileReference; lastKnownFileType = wrapper.framework; name = QuartzCore.framework; path = System/Library/Frameworks/QuartzCore.framework; sourceTree = SDKROOT; };
		63CF66B51BE1932E0042DC37 /* Security.framework */ = {isa = PBXFileReference; lastKnownFileType = wrapper.framework; name = Security.framework; path = System/Library/Frameworks/Security.framework; sourceTree = SDKROOT; };
		63CF66B71BE193340042DC37 /* StoreKit.framework */ = {isa = PBXFileReference; lastKnownFileType = wrapper.framework; name = StoreKit.framework; path = System/Library/Frameworks/StoreKit.framework; sourceTree = SDKROOT; };
		63CF66B91BE1933F0042DC37 /* SystemConfiguration.framework */ = {isa = PBXFileReference; lastKnownFileType = wrapper.framework; name = SystemConfiguration.framework; path = System/Library/Frameworks/SystemConfiguration.framework; sourceTree = SDKROOT; };
		63CF66BB1BE193460042DC37 /* libz.tbd */ = {isa = PBXFileReference; lastKnownFileType = "sourcecode.text-based-dylib-definition"; name = libz.tbd; path = usr/lib/libz.tbd; sourceTree = SDKROOT; };
		63CF66BD1BE1934E0042DC37 /* libsqlite3.tbd */ = {isa = PBXFileReference; lastKnownFileType = "sourcecode.text-based-dylib-definition"; name = libsqlite3.tbd; path = usr/lib/libsqlite3.tbd; sourceTree = SDKROOT; };
		63E0093B1BE19F81009A0FA8 /* Podfile */ = {isa = PBXFileReference; fileEncoding = 4; lastKnownFileType = text; path = Podfile; sourceTree = "<group>"; };
		63E009411BE1A17E009A0FA8 /* ParseServerProxy.swift */ = {isa = PBXFileReference; fileEncoding = 4; lastKnownFileType = sourcecode.swift; path = ParseServerProxy.swift; sourceTree = "<group>"; };
		C7DB809D5B80FE8959D81DFC /* Pods_Remember.framework */ = {isa = PBXFileReference; explicitFileType = wrapper.framework; includeInIndex = 0; path = Pods_Remember.framework; sourceTree = BUILT_PRODUCTS_DIR; };
		D3ECCF70466EBA99547F1F89 /* Pods-Remember.release.xcconfig */ = {isa = PBXFileReference; includeInIndex = 1; lastKnownFileType = text.xcconfig; name = "Pods-Remember.release.xcconfig"; path = "Pods/Target Support Files/Pods-Remember/Pods-Remember.release.xcconfig"; sourceTree = "<group>"; };
/* End PBXFileReference section */

/* Begin PBXFrameworksBuildPhase section */
		63CF66681BE18FC50042DC37 /* Frameworks */ = {
			isa = PBXFrameworksBuildPhase;
			buildActionMask = 2147483647;
			files = (
				63CF66BE1BE1934E0042DC37 /* libsqlite3.tbd in Frameworks */,
				63CF66BC1BE193460042DC37 /* libz.tbd in Frameworks */,
				63CF66BA1BE1933F0042DC37 /* SystemConfiguration.framework in Frameworks */,
				63CF66B81BE193340042DC37 /* StoreKit.framework in Frameworks */,
				63CF66B61BE1932E0042DC37 /* Security.framework in Frameworks */,
				63CF66B41BE193270042DC37 /* QuartzCore.framework in Frameworks */,
				63CF66B21BE193210042DC37 /* CoreLocation.framework in Frameworks */,
				63CF66B01BE1931C0042DC37 /* CoreGraphics.framework in Frameworks */,
				63CF66AE1BE193170042DC37 /* CFNetwork.framework in Frameworks */,
				63CF66AC1BE193120042DC37 /* AudioToolbox.framework in Frameworks */,
				63CF66A81BE192F00042DC37 /* Bolts.framework in Frameworks */,
				63CF66A91BE192F00042DC37 /* Parse.framework in Frameworks */,
				F9D7A88596C8C0F2168AE0A9 /* Pods_Remember.framework in Frameworks */,
			);
			runOnlyForDeploymentPostprocessing = 0;
		};
		63CF667F1BE18FC50042DC37 /* Frameworks */ = {
			isa = PBXFrameworksBuildPhase;
			buildActionMask = 2147483647;
			files = (
			);
			runOnlyForDeploymentPostprocessing = 0;
		};
		63CF668A1BE18FC50042DC37 /* Frameworks */ = {
			isa = PBXFrameworksBuildPhase;
			buildActionMask = 2147483647;
			files = (
			);
			runOnlyForDeploymentPostprocessing = 0;
		};
/* End PBXFrameworksBuildPhase section */

/* Begin PBXGroup section */
		4497D33F2C2AA40A8F3CFE7D /* Pods */ = {
			isa = PBXGroup;
			children = (
				2B1A75A0A524D21BDEC50421 /* Pods-Remember.debug.xcconfig */,
				D3ECCF70466EBA99547F1F89 /* Pods-Remember.release.xcconfig */,
			);
			name = Pods;
			sourceTree = "<group>";
		};
		63CF66621BE18FC50042DC37 = {
			isa = PBXGroup;
			children = (
				63E0093B1BE19F81009A0FA8 /* Podfile */,
				63CF66BF1BE193570042DC37 /* Frameworks */,
				63CF66AA1BE192F60042DC37 /* ParseSDK */,
				63CF666D1BE18FC50042DC37 /* Remember */,
				63CF66851BE18FC50042DC37 /* RememberTests */,
				63CF66901BE18FC50042DC37 /* RememberUITests */,
				63CF666C1BE18FC50042DC37 /* Products */,
				4497D33F2C2AA40A8F3CFE7D /* Pods */,
			);
			sourceTree = "<group>";
		};
		63CF666C1BE18FC50042DC37 /* Products */ = {
			isa = PBXGroup;
			children = (
				63CF666B1BE18FC50042DC37 /* Remember.app */,
				63CF66821BE18FC50042DC37 /* RememberTests.xctest */,
				63CF668D1BE18FC50042DC37 /* RememberUITests.xctest */,
			);
			name = Products;
			sourceTree = "<group>";
		};
		63CF666D1BE18FC50042DC37 /* Remember */ = {
			isa = PBXGroup;
			children = (
				63E0093D1BE1A0D3009A0FA8 /* Supporting Files */,
				63E009401BE1A0F6009A0FA8 /* Controllers */,
				63E0093E1BE1A0DE009A0FA8 /* Views */,
				63E0093F1BE1A0EB009A0FA8 /* Model */,
			);
			path = Remember;
			sourceTree = "<group>";
		};
		63CF66851BE18FC50042DC37 /* RememberTests */ = {
			isa = PBXGroup;
			children = (
				63CF66861BE18FC50042DC37 /* RememberTests.swift */,
				63CF66881BE18FC50042DC37 /* Info.plist */,
			);
			path = RememberTests;
			sourceTree = "<group>";
		};
		63CF66901BE18FC50042DC37 /* RememberUITests */ = {
			isa = PBXGroup;
			children = (
				63CF66911BE18FC50042DC37 /* RememberUITests.swift */,
				63CF66931BE18FC50042DC37 /* Info.plist */,
			);
			path = RememberUITests;
			sourceTree = "<group>";
		};
		63CF66AA1BE192F60042DC37 /* ParseSDK */ = {
			isa = PBXGroup;
			children = (
				63CF66A61BE192F00042DC37 /* Bolts.framework */,
				63CF66A71BE192F00042DC37 /* Parse.framework */,
			);
			name = ParseSDK;
			sourceTree = "<group>";
		};
		63CF66BF1BE193570042DC37 /* Frameworks */ = {
			isa = PBXGroup;
			children = (
				63CF66BD1BE1934E0042DC37 /* libsqlite3.tbd */,
				63CF66BB1BE193460042DC37 /* libz.tbd */,
				63CF66B91BE1933F0042DC37 /* SystemConfiguration.framework */,
				63CF66B71BE193340042DC37 /* StoreKit.framework */,
				63CF66B51BE1932E0042DC37 /* Security.framework */,
				63CF66B31BE193270042DC37 /* QuartzCore.framework */,
				63CF66B11BE193210042DC37 /* CoreLocation.framework */,
				63CF66AF1BE1931C0042DC37 /* CoreGraphics.framework */,
				63CF66AD1BE193170042DC37 /* CFNetwork.framework */,
				63CF66AB1BE193120042DC37 /* AudioToolbox.framework */,
				C7DB809D5B80FE8959D81DFC /* Pods_Remember.framework */,
			);
			name = Frameworks;
			sourceTree = "<group>";
		};
		63E0093D1BE1A0D3009A0FA8 /* Supporting Files */ = {
			isa = PBXGroup;
			children = (
				63CF666E1BE18FC50042DC37 /* AppDelegate.swift */,
				63CF667D1BE18FC50042DC37 /* Info.plist */,
			);
			name = "Supporting Files";
			sourceTree = "<group>";
		};
		63E0093E1BE1A0DE009A0FA8 /* Views */ = {
			isa = PBXGroup;
			children = (
				63CF66721BE18FC50042DC37 /* Main.storyboard */,
				63CF66781BE18FC50042DC37 /* Assets.xcassets */,
				63CF667A1BE18FC50042DC37 /* LaunchScreen.storyboard */,
			);
			name = Views;
			sourceTree = "<group>";
		};
		63E0093F1BE1A0EB009A0FA8 /* Model */ = {
			isa = PBXGroup;
			children = (
				63CF66751BE18FC50042DC37 /* Remember.xcdatamodeld */,
				63E009411BE1A17E009A0FA8 /* ParseServerProxy.swift */,
			);
			name = Model;
			sourceTree = "<group>";
		};
		63E009401BE1A0F6009A0FA8 /* Controllers */ = {
			isa = PBXGroup;
			children = (
				63CF66701BE18FC50042DC37 /* ViewController.swift */,
			);
			name = Controllers;
			sourceTree = "<group>";
		};
/* End PBXGroup section */

/* Begin PBXNativeTarget section */
		63CF666A1BE18FC50042DC37 /* Remember */ = {
			isa = PBXNativeTarget;
			buildConfigurationList = 63CF66961BE18FC50042DC37 /* Build configuration list for PBXNativeTarget "Remember" */;
			buildPhases = (
				D692103549298EC61C0C71BB /* Check Pods Manifest.lock */,
				63CF66671BE18FC50042DC37 /* Sources */,
				63CF66681BE18FC50042DC37 /* Frameworks */,
				63CF66691BE18FC50042DC37 /* Resources */,
				5AB010ECB8408A35AC564E92 /* Embed Pods Frameworks */,
				F95687112375C4C439751449 /* Copy Pods Resources */,
			);
			buildRules = (
			);
			dependencies = (
			);
			name = Remember;
			productName = Remember;
			productReference = 63CF666B1BE18FC50042DC37 /* Remember.app */;
			productType = "com.apple.product-type.application";
		};
		63CF66811BE18FC50042DC37 /* RememberTests */ = {
			isa = PBXNativeTarget;
			buildConfigurationList = 63CF66991BE18FC50042DC37 /* Build configuration list for PBXNativeTarget "RememberTests" */;
			buildPhases = (
				63CF667E1BE18FC50042DC37 /* Sources */,
				63CF667F1BE18FC50042DC37 /* Frameworks */,
				63CF66801BE18FC50042DC37 /* Resources */,
			);
			buildRules = (
			);
			dependencies = (
				63CF66841BE18FC50042DC37 /* PBXTargetDependency */,
			);
			name = RememberTests;
			productName = RememberTests;
			productReference = 63CF66821BE18FC50042DC37 /* RememberTests.xctest */;
			productType = "com.apple.product-type.bundle.unit-test";
		};
		63CF668C1BE18FC50042DC37 /* RememberUITests */ = {
			isa = PBXNativeTarget;
			buildConfigurationList = 63CF669C1BE18FC50042DC37 /* Build configuration list for PBXNativeTarget "RememberUITests" */;
			buildPhases = (
				63CF66891BE18FC50042DC37 /* Sources */,
				63CF668A1BE18FC50042DC37 /* Frameworks */,
				63CF668B1BE18FC50042DC37 /* Resources */,
			);
			buildRules = (
			);
			dependencies = (
				63CF668F1BE18FC50042DC37 /* PBXTargetDependency */,
			);
			name = RememberUITests;
			productName = RememberUITests;
			productReference = 63CF668D1BE18FC50042DC37 /* RememberUITests.xctest */;
			productType = "com.apple.product-type.bundle.ui-testing";
		};
/* End PBXNativeTarget section */

/* Begin PBXProject section */
		63CF66631BE18FC50042DC37 /* Project object */ = {
			isa = PBXProject;
			attributes = {
				LastSwiftUpdateCheck = 0710;
				LastUpgradeCheck = 0710;
				ORGANIZATIONNAME = NelsonJE;
				TargetAttributes = {
					63CF666A1BE18FC50042DC37 = {
						CreatedOnToolsVersion = 7.1;
					};
					63CF66811BE18FC50042DC37 = {
						CreatedOnToolsVersion = 7.1;
						TestTargetID = 63CF666A1BE18FC50042DC37;
					};
					63CF668C1BE18FC50042DC37 = {
						CreatedOnToolsVersion = 7.1;
						TestTargetID = 63CF666A1BE18FC50042DC37;
					};
				};
			};
			buildConfigurationList = 63CF66661BE18FC50042DC37 /* Build configuration list for PBXProject "Remember" */;
			compatibilityVersion = "Xcode 3.2";
			developmentRegion = English;
			hasScannedForEncodings = 0;
			knownRegions = (
				en,
				Base,
			);
			mainGroup = 63CF66621BE18FC50042DC37;
			productRefGroup = 63CF666C1BE18FC50042DC37 /* Products */;
			projectDirPath = "";
			projectRoot = "";
			targets = (
				63CF666A1BE18FC50042DC37 /* Remember */,
				63CF66811BE18FC50042DC37 /* RememberTests */,
				63CF668C1BE18FC50042DC37 /* RememberUITests */,
			);
		};
/* End PBXProject section */

/* Begin PBXResourcesBuildPhase section */
		63CF66691BE18FC50042DC37 /* Resources */ = {
			isa = PBXResourcesBuildPhase;
			buildActionMask = 2147483647;
			files = (
				63CF667C1BE18FC50042DC37 /* LaunchScreen.storyboard in Resources */,
				63CF66791BE18FC50042DC37 /* Assets.xcassets in Resources */,
				63E0093C1BE19F81009A0FA8 /* Podfile in Resources */,
				63CF66741BE18FC50042DC37 /* Main.storyboard in Resources */,
			);
			runOnlyForDeploymentPostprocessing = 0;
		};
		63CF66801BE18FC50042DC37 /* Resources */ = {
			isa = PBXResourcesBuildPhase;
			buildActionMask = 2147483647;
			files = (
			);
			runOnlyForDeploymentPostprocessing = 0;
		};
		63CF668B1BE18FC50042DC37 /* Resources */ = {
			isa = PBXResourcesBuildPhase;
			buildActionMask = 2147483647;
			files = (
			);
			runOnlyForDeploymentPostprocessing = 0;
		};
/* End PBXResourcesBuildPhase section */

/* Begin PBXShellScriptBuildPhase section */
		5AB010ECB8408A35AC564E92 /* Embed Pods Frameworks */ = {
			isa = PBXShellScriptBuildPhase;
			buildActionMask = 2147483647;
			files = (
			);
			inputPaths = (
			);
			name = "Embed Pods Frameworks";
			outputPaths = (
			);
			runOnlyForDeploymentPostprocessing = 0;
			shellPath = /bin/sh;
			shellScript = "\"${SRCROOT}/Pods/Target Support Files/Pods-Remember/Pods-Remember-frameworks.sh\"\n";
			showEnvVarsInLog = 0;
		};
		D692103549298EC61C0C71BB /* Check Pods Manifest.lock */ = {
			isa = PBXShellScriptBuildPhase;
			buildActionMask = 2147483647;
			files = (
			);
			inputPaths = (
			);
			name = "Check Pods Manifest.lock";
			outputPaths = (
			);
			runOnlyForDeploymentPostprocessing = 0;
			shellPath = /bin/sh;
			shellScript = "diff \"${PODS_ROOT}/../Podfile.lock\" \"${PODS_ROOT}/Manifest.lock\" > /dev/null\nif [[ $? != 0 ]] ; then\n    cat << EOM\nerror: The sandbox is not in sync with the Podfile.lock. Run 'pod install' or update your CocoaPods installation.\nEOM\n    exit 1\nfi\n";
			showEnvVarsInLog = 0;
		};
		F95687112375C4C439751449 /* Copy Pods Resources */ = {
			isa = PBXShellScriptBuildPhase;
			buildActionMask = 2147483647;
			files = (
			);
			inputPaths = (
			);
			name = "Copy Pods Resources";
			outputPaths = (
			);
			runOnlyForDeploymentPostprocessing = 0;
			shellPath = /bin/sh;
			shellScript = "\"${SRCROOT}/Pods/Target Support Files/Pods-Remember/Pods-Remember-resources.sh\"\n";
			showEnvVarsInLog = 0;
		};
/* End PBXShellScriptBuildPhase section */

/* Begin PBXSourcesBuildPhase section */
		63CF66671BE18FC50042DC37 /* Sources */ = {
			isa = PBXSourcesBuildPhase;
			buildActionMask = 2147483647;
			files = (
				63CF66711BE18FC50042DC37 /* ViewController.swift in Sources */,
				63E009421BE1A17E009A0FA8 /* ParseServerProxy.swift in Sources */,
				63CF666F1BE18FC50042DC37 /* AppDelegate.swift in Sources */,
				63CF66771BE18FC50042DC37 /* Remember.xcdatamodeld in Sources */,
			);
			runOnlyForDeploymentPostprocessing = 0;
		};
		63CF667E1BE18FC50042DC37 /* Sources */ = {
			isa = PBXSourcesBuildPhase;
			buildActionMask = 2147483647;
			files = (
				63CF66871BE18FC50042DC37 /* RememberTests.swift in Sources */,
			);
			runOnlyForDeploymentPostprocessing = 0;
		};
		63CF66891BE18FC50042DC37 /* Sources */ = {
			isa = PBXSourcesBuildPhase;
			buildActionMask = 2147483647;
			files = (
				63CF66921BE18FC50042DC37 /* RememberUITests.swift in Sources */,
			);
			runOnlyForDeploymentPostprocessing = 0;
		};
/* End PBXSourcesBuildPhase section */

/* Begin PBXTargetDependency section */
		63CF66841BE18FC50042DC37 /* PBXTargetDependency */ = {
			isa = PBXTargetDependency;
			target = 63CF666A1BE18FC50042DC37 /* Remember */;
			targetProxy = 63CF66831BE18FC50042DC37 /* PBXContainerItemProxy */;
		};
		63CF668F1BE18FC50042DC37 /* PBXTargetDependency */ = {
			isa = PBXTargetDependency;
			target = 63CF666A1BE18FC50042DC37 /* Remember */;
			targetProxy = 63CF668E1BE18FC50042DC37 /* PBXContainerItemProxy */;
		};
/* End PBXTargetDependency section */

/* Begin PBXVariantGroup section */
		63CF66721BE18FC50042DC37 /* Main.storyboard */ = {
			isa = PBXVariantGroup;
			children = (
				63CF66731BE18FC50042DC37 /* Base */,
			);
			name = Main.storyboard;
			sourceTree = "<group>";
		};
		63CF667A1BE18FC50042DC37 /* LaunchScreen.storyboard */ = {
			isa = PBXVariantGroup;
			children = (
				63CF667B1BE18FC50042DC37 /* Base */,
			);
			name = LaunchScreen.storyboard;
			sourceTree = "<group>";
		};
/* End PBXVariantGroup section */

/* Begin XCBuildConfiguration section */
		63CF66941BE18FC50042DC37 /* Debug */ = {
			isa = XCBuildConfiguration;
			buildSettings = {
				ALWAYS_SEARCH_USER_PATHS = NO;
				CLANG_CXX_LANGUAGE_STANDARD = "gnu++0x";
				CLANG_CXX_LIBRARY = "libc++";
				CLANG_ENABLE_MODULES = YES;
				CLANG_ENABLE_OBJC_ARC = YES;
				CLANG_WARN_BOOL_CONVERSION = YES;
				CLANG_WARN_CONSTANT_CONVERSION = YES;
				CLANG_WARN_DIRECT_OBJC_ISA_USAGE = YES_ERROR;
				CLANG_WARN_EMPTY_BODY = YES;
				CLANG_WARN_ENUM_CONVERSION = YES;
				CLANG_WARN_INT_CONVERSION = YES;
				CLANG_WARN_OBJC_ROOT_CLASS = YES_ERROR;
				CLANG_WARN_UNREACHABLE_CODE = YES;
				CLANG_WARN__DUPLICATE_METHOD_MATCH = YES;
				"CODE_SIGN_IDENTITY[sdk=iphoneos*]" = "iPhone Developer";
				COPY_PHASE_STRIP = NO;
				DEBUG_INFORMATION_FORMAT = dwarf;
				ENABLE_STRICT_OBJC_MSGSEND = YES;
				ENABLE_TESTABILITY = YES;
				GCC_C_LANGUAGE_STANDARD = gnu99;
				GCC_DYNAMIC_NO_PIC = NO;
				GCC_NO_COMMON_BLOCKS = YES;
				GCC_OPTIMIZATION_LEVEL = 0;
				GCC_PREPROCESSOR_DEFINITIONS = (
					"DEBUG=1",
					"$(inherited)",
				);
				GCC_WARN_64_TO_32_BIT_CONVERSION = YES;
				GCC_WARN_ABOUT_RETURN_TYPE = YES_ERROR;
				GCC_WARN_UNDECLARED_SELECTOR = YES;
				GCC_WARN_UNINITIALIZED_AUTOS = YES_AGGRESSIVE;
				GCC_WARN_UNUSED_FUNCTION = YES;
				GCC_WARN_UNUSED_VARIABLE = YES;
				IPHONEOS_DEPLOYMENT_TARGET = 9.1;
				MTL_ENABLE_DEBUG_INFO = YES;
				ONLY_ACTIVE_ARCH = YES;
				SDKROOT = iphoneos;
				SWIFT_OPTIMIZATION_LEVEL = "-Onone";
			};
			name = Debug;
		};
		63CF66951BE18FC50042DC37 /* Release */ = {
			isa = XCBuildConfiguration;
			buildSettings = {
				ALWAYS_SEARCH_USER_PATHS = NO;
				CLANG_CXX_LANGUAGE_STANDARD = "gnu++0x";
				CLANG_CXX_LIBRARY = "libc++";
				CLANG_ENABLE_MODULES = YES;
				CLANG_ENABLE_OBJC_ARC = YES;
				CLANG_WARN_BOOL_CONVERSION = YES;
				CLANG_WARN_CONSTANT_CONVERSION = YES;
				CLANG_WARN_DIRECT_OBJC_ISA_USAGE = YES_ERROR;
				CLANG_WARN_EMPTY_BODY = YES;
				CLANG_WARN_ENUM_CONVERSION = YES;
				CLANG_WARN_INT_CONVERSION = YES;
				CLANG_WARN_OBJC_ROOT_CLASS = YES_ERROR;
				CLANG_WARN_UNREACHABLE_CODE = YES;
				CLANG_WARN__DUPLICATE_METHOD_MATCH = YES;
				"CODE_SIGN_IDENTITY[sdk=iphoneos*]" = "iPhone Developer";
				COPY_PHASE_STRIP = NO;
				DEBUG_INFORMATION_FORMAT = "dwarf-with-dsym";
				ENABLE_NS_ASSERTIONS = NO;
				ENABLE_STRICT_OBJC_MSGSEND = YES;
				GCC_C_LANGUAGE_STANDARD = gnu99;
				GCC_NO_COMMON_BLOCKS = YES;
				GCC_WARN_64_TO_32_BIT_CONVERSION = YES;
				GCC_WARN_ABOUT_RETURN_TYPE = YES_ERROR;
				GCC_WARN_UNDECLARED_SELECTOR = YES;
				GCC_WARN_UNINITIALIZED_AUTOS = YES_AGGRESSIVE;
				GCC_WARN_UNUSED_FUNCTION = YES;
				GCC_WARN_UNUSED_VARIABLE = YES;
				IPHONEOS_DEPLOYMENT_TARGET = 9.1;
				MTL_ENABLE_DEBUG_INFO = NO;
				SDKROOT = iphoneos;
				VALIDATE_PRODUCT = YES;
			};
			name = Release;
		};
		63CF66971BE18FC50042DC37 /* Debug */ = {
			isa = XCBuildConfiguration;
			baseConfigurationReference = 2B1A75A0A524D21BDEC50421 /* Pods-Remember.debug.xcconfig */;
			buildSettings = {
				ASSETCATALOG_COMPILER_APPICON_NAME = AppIcon;
				FRAMEWORK_SEARCH_PATHS = (
					"$(inherited)",
					"$(PROJECT_DIR)",
				);
				INFOPLIST_FILE = Remember/Info.plist;
				LD_RUNPATH_SEARCH_PATHS = "$(inherited) @executable_path/Frameworks";
				PRODUCT_BUNDLE_IDENTIFIER = NelsonJE.Remember;
				PRODUCT_NAME = "$(TARGET_NAME)";
			};
			name = Debug;
		};
		63CF66981BE18FC50042DC37 /* Release */ = {
			isa = XCBuildConfiguration;
			baseConfigurationReference = D3ECCF70466EBA99547F1F89 /* Pods-Remember.release.xcconfig */;
			buildSettings = {
				ASSETCATALOG_COMPILER_APPICON_NAME = AppIcon;
				FRAMEWORK_SEARCH_PATHS = (
					"$(inherited)",
					"$(PROJECT_DIR)",
				);
				INFOPLIST_FILE = Remember/Info.plist;
				LD_RUNPATH_SEARCH_PATHS = "$(inherited) @executable_path/Frameworks";
				PRODUCT_BUNDLE_IDENTIFIER = NelsonJE.Remember;
				PRODUCT_NAME = "$(TARGET_NAME)";
			};
			name = Release;
		};
		63CF669A1BE18FC50042DC37 /* Debug */ = {
			isa = XCBuildConfiguration;
			buildSettings = {
				BUNDLE_LOADER = "$(TEST_HOST)";
				INFOPLIST_FILE = RememberTests/Info.plist;
				LD_RUNPATH_SEARCH_PATHS = "$(inherited) @executable_path/Frameworks @loader_path/Frameworks";
				PRODUCT_BUNDLE_IDENTIFIER = NelsonJE.RememberTests;
				PRODUCT_NAME = "$(TARGET_NAME)";
				TEST_HOST = "$(BUILT_PRODUCTS_DIR)/Remember.app/Remember";
			};
			name = Debug;
		};
		63CF669B1BE18FC50042DC37 /* Release */ = {
			isa = XCBuildConfiguration;
			buildSettings = {
				BUNDLE_LOADER = "$(TEST_HOST)";
				INFOPLIST_FILE = RememberTests/Info.plist;
				LD_RUNPATH_SEARCH_PATHS = "$(inherited) @executable_path/Frameworks @loader_path/Frameworks";
				PRODUCT_BUNDLE_IDENTIFIER = NelsonJE.RememberTests;
				PRODUCT_NAME = "$(TARGET_NAME)";
				TEST_HOST = "$(BUILT_PRODUCTS_DIR)/Remember.app/Remember";
			};
			name = Release;
		};
		63CF669D1BE18FC50042DC37 /* Debug */ = {
			isa = XCBuildConfiguration;
			buildSettings = {
				INFOPLIST_FILE = RememberUITests/Info.plist;
				LD_RUNPATH_SEARCH_PATHS = "$(inherited) @executable_path/Frameworks @loader_path/Frameworks";
				PRODUCT_BUNDLE_IDENTIFIER = NelsonJE.RememberUITests;
				PRODUCT_NAME = "$(TARGET_NAME)";
				TEST_TARGET_NAME = Remember;
				USES_XCTRUNNER = YES;
			};
			name = Debug;
		};
		63CF669E1BE18FC50042DC37 /* Release */ = {
			isa = XCBuildConfiguration;
			buildSettings = {
				INFOPLIST_FILE = RememberUITests/Info.plist;
				LD_RUNPATH_SEARCH_PATHS = "$(inherited) @executable_path/Frameworks @loader_path/Frameworks";
				PRODUCT_BUNDLE_IDENTIFIER = NelsonJE.RememberUITests;
				PRODUCT_NAME = "$(TARGET_NAME)";
				TEST_TARGET_NAME = Remember;
				USES_XCTRUNNER = YES;
			};
			name = Release;
		};
/* End XCBuildConfiguration section */

/* Begin XCConfigurationList section */
		63CF66661BE18FC50042DC37 /* Build configuration list for PBXProject "Remember" */ = {
			isa = XCConfigurationList;
			buildConfigurations = (
				63CF66941BE18FC50042DC37 /* Debug */,
				63CF66951BE18FC50042DC37 /* Release */,
			);
			defaultConfigurationIsVisible = 0;
			defaultConfigurationName = Release;
		};
		63CF66961BE18FC50042DC37 /* Build configuration list for PBXNativeTarget "Remember" */ = {
			isa = XCConfigurationList;
			buildConfigurations = (
				63CF66971BE18FC50042DC37 /* Debug */,
				63CF66981BE18FC50042DC37 /* Release */,
			);
			defaultConfigurationIsVisible = 0;
			defaultConfigurationName = Release;
		};
		63CF66991BE18FC50042DC37 /* Build configuration list for PBXNativeTarget "RememberTests" */ = {
			isa = XCConfigurationList;
			buildConfigurations = (
				63CF669A1BE18FC50042DC37 /* Debug */,
				63CF669B1BE18FC50042DC37 /* Release */,
			);
			defaultConfigurationIsVisible = 0;
			defaultConfigurationName = Release;
		};
		63CF669C1BE18FC50042DC37 /* Build configuration list for PBXNativeTarget "RememberUITests" */ = {
			isa = XCConfigurationList;
			buildConfigurations = (
				63CF669D1BE18FC50042DC37 /* Debug */,
				63CF669E1BE18FC50042DC37 /* Release */,
			);
			defaultConfigurationIsVisible = 0;
			defaultConfigurationName = Release;
		};
/* End XCConfigurationList section */

/* Begin XCVersionGroup section */
		63CF66751BE18FC50042DC37 /* Remember.xcdatamodeld */ = {
			isa = XCVersionGroup;
			children = (
				63CF66761BE18FC50042DC37 /* Remember.xcdatamodel */,
			);
			currentVersion = 63CF66761BE18FC50042DC37 /* Remember.xcdatamodel */;
			path = Remember.xcdatamodeld;
			sourceTree = "<group>";
			versionGroupType = wrapper.xcdatamodel;
		};
/* End XCVersionGroup section */
	};
	rootObject = 63CF66631BE18FC50042DC37 /* Project object */;
}
